<?xml version="1.0" encoding="UTF-8"?>
<!DOCTYPE plist PUBLIC "-//Apple//DTD PLIST 1.0//EN" "http://www.apple.com/DTDs/PropertyList-1.0.dtd">
<plist version="1.0">
<dict>
	<key>archiveVersion</key>
	<string>1</string>
	<key>classes</key>
	<dict/>
	<key>objectVersion</key>
	<string>56</string>
	<key>objects</key>
	<dict>
		<key>056B1759849B1A1B44AAF2A8</key>
		<dict>
			<key>fileRef</key>
			<string>CAF983BE6D9D12316E95330C</string>
			<key>isa</key>
			<string>PBXBuildFile</string>
		</dict>
		<key>06EFF997AE8750BA7FCDC07C</key>
		<dict>
			<key>buildSettings</key>
			<dict>
				<key>ARCHS</key>
				<string>arm64</string>
				<key>ASSETCATALOG_COMPILER_APPICON_NAME</key>
				<string>AppIcon</string>
				<key>CLANG_ENABLE_MODULES</key>
				<string>YES</string>
				<key>CODE_SIGN_IDENTITY</key>
				<string>-</string>
				<key>CODE_SIGN_STYLE</key>
				<string>Manual</string>
				<key>ENABLE_DEBUG_DYLIB</key>
				<string>NO</string>
				<key>ENABLE_USER_SCRIPT_SANDBOXING</key>
				<string>NO</string>
				<key>GENERATE_INFOPLIST_FILE</key>
				<string>NO</string>
				<key>INFOPLIST_FILE</key>
				<string>Runner/MacInfo.plist</string>
				<key>LD_RUNPATH_SEARCH_PATHS</key>
				<array>
					<string>$(inherited)</string>
					<string>@executable_path/../Frameworks</string>
				</array>
				<key>LIBRARY_SEARCH_PATHS</key>
				<array>
					<string>$(SRCROOT)/Vendor/macos_arm64</string>
				</array>
				<key>MACOSX_DEPLOYMENT_TARGET</key>
				<string>27.0</string>
				<key>OTHER_LDFLAGS</key>
				<array>
					<string>-llitert-lm</string>
					<string>-Wl,-needed-lLiteRt</string>
				</array>
				<key>PRODUCT_BUNDLE_IDENTIFIER</key>
				<string>dev.modeldebugger.runner.mac</string>
				<key>PRODUCT_NAME</key>
				<string>$(TARGET_NAME)</string>
				<key>SDKROOT</key>
				<string>macosx</string>
				<key>SUPPORTED_PLATFORMS</key>
				<string>macosx</string>
				<key>SWIFT_ACTIVE_COMPILATION_CONDITIONS</key>
				<string></string>
				<key>SWIFT_INCLUDE_PATHS</key>
				<array>
					<string>$(SRCROOT)/CLiteRTLM</string>
				</array>
				<key>SWIFT_OPTIMIZATION_LEVEL</key>
				<string>-O</string>
				<key>SWIFT_STRICT_CONCURRENCY</key>
				<string>targeted</string>
				<key>SWIFT_VERSION</key>
				<string>5.0</string>
			</dict>
			<key>isa</key>
			<string>XCBuildConfiguration</string>
			<key>name</key>
			<string>Release</string>
		</dict>
		<key>085C7AB3432EDB5A52A98201</key>
		<dict>
			<key>fileRef</key>
			<string>9735ECC8774BC2E4B2314FA5</string>
			<key>isa</key>
			<string>PBXBuildFile</string>
		</dict>
		<key>0A3E27B8CA818264D75C8D81</key>
		<dict>
			<key>children</key>
			<array>
				<string>A8792157CB4F27FB949C035F</string>
				<string>563222CAD436A0B15D309F4A</string>
			</array>
			<key>isa</key>
			<string>PBXGroup</string>
			<key>name</key>
			<string>Products</string>
			<key>sourceTree</key>
			<string>&lt;group&gt;</string>
		</dict>
		<key>0C510C550106D1F03537A860</key>
		<dict>
			<key>isa</key>
			<string>PBXFileReference</string>
			<key>lastKnownFileType</key>
			<string>sourcecode.swift</string>
			<key>path</key>
			<string>Core/NativeRunner.swift</string>
			<key>sourceTree</key>
			<string>&lt;group&gt;</string>
		</dict>
		<key>0C86287EA04FE0430E932926</key>
		<dict>
			<key>fileRef</key>
			<string>A88F98EA23169685D7E825B7</string>
			<key>isa</key>
			<string>PBXBuildFile</string>
		</dict>
		<key>0E685E50DE2708886400849B</key>
		<dict>
			<key>fileRef</key>
			<string>FE514E023EC3EA55953863FF</string>
			<key>isa</key>
			<string>PBXBuildFile</string>
		</dict>
		<key>1BADFB2D2348E45E82D8BCA2</key>
		<dict>
			<key>fileRef</key>
			<string>99C9A23E6CC9ADBD096EF916</string>
			<key>isa</key>
			<string>PBXBuildFile</string>
		</dict>
		<key>1C679BC0A89D92D5AB171860</key>
		<dict>
			<key>fileRef</key>
			<string>BE228811D46B371F280D9FA0</string>
			<key>isa</key>
			<string>PBXBuildFile</string>
		</dict>
		<key>1F0EFC62C80760E53A5F7CD9</key>
		<dict>
			<key>fileRef</key>
			<string>44FF75DFFFD8DEF03C2B62EF</string>
			<key>isa</key>
			<string>PBXBuildFile</string>
		</dict>
		<key>200E023C3B5D4CAE02C08843</key>
		<dict>
			<key>fileRef</key>
			<string>EDB3A464699EDCFBBA23C8D7</string>
			<key>isa</key>
			<string>PBXBuildFile</string>
		</dict>
		<key>21648024223E9EFF23D3EF59</key>
		<dict>
			<key>fileRef</key>
			<string>CAF983BE6D9D12316E95330C</string>
			<key>isa</key>
			<string>PBXBuildFile</string>
		</dict>
		<key>244210E48437B6556980A702</key>
		<dict>
			<key>attributes</key>
			<dict>
				<key>LastUpgradeCheck</key>
				<string>2600</string>
			</dict>
			<key>buildConfigurationList</key>
			<string>B4E10CAA9C5E22150B71559C</string>
			<key>compatibilityVersion</key>
			<string>Xcode 14.0</string>
			<key>developmentRegion</key>
			<string>en</string>
			<key>isa</key>
			<string>PBXProject</string>
			<key>knownRegions</key>
			<array>
				<string>en</string>
				<string>Base</string>
			</array>
			<key>mainGroup</key>
			<string>AD936FCBED631FA67E05C3EA</string>
			<key>productRefGroup</key>
			<string>0A3E27B8CA818264D75C8D81</string>
			<key>projectDirPath</key>
			<string></string>
			<key>projectRoot</key>
			<string></string>
			<key>targets</key>
			<array>
				<string>34A04005BCAF206EEC990BD9</string>
				<string>E9D9CCD71B08802CD0D11F93</string>
			</array>
		</dict>
		<key>25C0B3FBF028B88549D0E359</key>
		<dict>
			<key>fileRef</key>
			<string>3F2B9A0359A1A09996B7F1CF</string>
			<key>isa</key>
			<string>PBXBuildFile</string>
		</dict>
		<key>282DF23BCAB6751C7BFFA338</key>
		<dict>
			<key>isa</key>
			<string>PBXFileReference</string>
			<key>lastKnownFileType</key>
			<string>text.json</string>
			<key>path</key>
			<string>Vendor/macos_arm64/runtime-build.json</string>
			<key>sourceTree</key>
			<string>&lt;group&gt;</string>
		</dict>
		<key>28CD9A2A6A22263D03E6CF02</key>
		<dict>
			<key>fileRef</key>
			<string>4986FBBDB518FB34CDF52093</string>
			<key>isa</key>
			<string>PBXBuildFile</string>
		</dict>
		<key>2A04C20BF6D5C20A63A1D4CC</key>
		<dict>
			<key>buildSettings</key>
			<dict>
				<key>ARCHS</key>
				<string>arm64</string>
				<key>ASSETCATALOG_COMPILER_APPICON_NAME</key>
				<string>AppIcon</string>
				<key>CLANG_ENABLE_MODULES</key>
				<string>YES</string>
				<key>CODE_SIGN_STYLE</key>
				<string>Automatic</string>
				<key>ENABLE_DEBUG_DYLIB</key>
				<string>NO</string>
				<key>ENABLE_USER_SCRIPT_SANDBOXING</key>
				<string>NO</string>
				<key>FRAMEWORK_SEARCH_PATHS</key>
				<array>
					<string>$(inherited)</string>
				</array>
				<key>GENERATE_INFOPLIST_FILE</key>
				<string>NO</string>
				<key>INFOPLIST_FILE</key>
				<string>Runner/Info.plist</string>
				<key>IPHONEOS_DEPLOYMENT_TARGET</key>
				<string>17.0</string>
				<key>LD_RUNPATH_SEARCH_PATHS</key>
				<array>
					<string>$(inherited)</string>
					<string>@executable_path/Frameworks</string>
				</array>
				<key>LIBRARY_SEARCH_PATHS[sdk=iphoneos*]</key>
				<array>
					<string>$(inherited)</string>
					<string>$(SRCROOT)/Vendor/ios_arm64</string>
				</array>
				<key>LIBRARY_SEARCH_PATHS[sdk=iphonesimulator*]</key>
				<array>
					<string>$(inherited)</string>
					<string>$(SRCROOT)/Vendor/ios_sim_arm64</string>
				</array>
				<key>OTHER_LDFLAGS</key>
				<array>
					<string>$(inherited)</string>
					<string>-Wl,-needed-lLiteRt</string>
				</array>
				<key>PRODUCT_BUNDLE_IDENTIFIER</key>
				<string>dev.modeldebugger.runner</string>
				<key>PRODUCT_NAME</key>
				<string>$(TARGET_NAME)</string>
				<key>SDKROOT</key>
				<string>iphoneos</string>
				<key>SUPPORTED_PLATFORMS</key>
				<string>iphoneos iphonesimulator</string>
				<key>SWIFT_ACTIVE_COMPILATION_CONDITIONS</key>
				<string>DEBUG</string>
				<key>SWIFT_OPTIMIZATION_LEVEL</key>
				<string>-Onone</string>
				<key>SWIFT_STRICT_CONCURRENCY</key>
				<string>targeted</string>
				<key>SWIFT_VERSION</key>
				<string>5.0</string>
				<key>TARGETED_DEVICE_FAMILY</key>
				<string>1,2</string>
			</dict>
			<key>isa</key>
			<string>XCBuildConfiguration</string>
			<key>name</key>
			<string>Debug</string>
		</dict>
		<key>2C786FED967EB99588D4D276</key>
		<dict>
			<key>isa</key>
			<string>PBXFileReference</string>
			<key>lastKnownFileType</key>
			<string>sourcecode.swift</string>
			<key>path</key>
			<string>Runner/RunnerFiles.swift</string>
			<key>sourceTree</key>
			<string>&lt;group&gt;</string>
		</dict>
		<key>2E848681D5B83C5B698E3FB7</key>
		<dict>
			<key>isa</key>
			<string>PBXFileReference</string>
			<key>lastKnownFileType</key>
			<string>sourcecode.swift</string>
			<key>path</key>
			<string>Core/CaptureJob.swift</string>
			<key>sourceTree</key>
			<string>&lt;group&gt;</string>
		</dict>
		<key>2F44B4BFE6153498184A9A24</key>
		<dict>
			<key>fileRef</key>
			<string>3F2B9A0359A1A09996B7F1CF</string>
			<key>isa</key>
			<string>PBXBuildFile</string>
		</dict>
		<key>2F94DD762B795C1EBE680308</key>
		<dict>
			<key>fileRef</key>
			<string>9859BD48197226B8FBF829B5</string>
			<key>isa</key>
			<string>PBXBuildFile</string>
		</dict>
		<key>31C1FCBF12E19CE4C82F9B18</key>
		<dict>
			<key>fileRef</key>
			<string>0C510C550106D1F03537A860</string>
			<key>isa</key>
			<string>PBXBuildFile</string>
		</dict>
		<key>344624737EF5B0F6D2902C38</key>
		<dict>
			<key>fileRef</key>
			<string>8BF729FFE074CAEE622C0292</string>
			<key>isa</key>
			<string>PBXBuildFile</string>
		</dict>
		<key>34A04005BCAF206EEC990BD9</key>
		<dict>
			<key>buildConfigurationList</key>
			<string>7BCEE9A04133D8A2FED7D4D3</string>
			<key>buildPhases</key>
			<array>
				<string>878A52FC5FF6A57D50B7B870</string>
				<string>E2AA269EB967A8853A258BFA</string>
				<string>5C2473E515024614E403B8B9</string>
				<string>8A1EED22144C3F04485A69EE</string>
				<string>E1DD3332C6F23D40DD7709FE</string>
			</array>
			<key>buildRules</key>
			<array/>
			<key>dependencies</key>
			<array/>
			<key>isa</key>
			<string>PBXNativeTarget</string>
			<key>name</key>
			<string>ModelDebuggerRunner</string>
			<key>productName</key>
			<string>ModelDebuggerRunner</string>
			<key>productReference</key>
			<string>A8792157CB4F27FB949C035F</string>
			<key>productType</key>
			<string>com.apple.product-type.application</string>
		</dict>
		<key>35B1014F135DE9B45529B733</key>
		<dict>
			<key>buildSettings</key>
			<dict/>
			<key>isa</key>
			<string>XCBuildConfiguration</string>
			<key>name</key>
			<string>Release</string>
		</dict>
		<key>35C3B951A5B804DAFA284C95</key>
		<dict>
			<key>isa</key>
			<string>PBXFileReference</string>
			<key>lastKnownFileType</key>
			<string>sourcecode.swift</string>
			<key>path</key>
			<string>Runner/RunnerView.swift</string>
			<key>sourceTree</key>
			<string>&lt;group&gt;</string>
		</dict>
		<key>376C9B4E434B5B342BBC857C</key>
		<dict>
			<key>isa</key>
			<string>PBXFileReference</string>
			<key>lastKnownFileType</key>
			<string>sourcecode.swift</string>
			<key>path</key>
			<string>Core/SessionRuntime.swift</string>
			<key>sourceTree</key>
			<string>&lt;group&gt;</string>
		</dict>
		<key>3ACD161393AA7B9B98F3B92B</key>
		<dict>
			<key>fileRef</key>
			<string>FE514E023EC3EA55953863FF</string>
			<key>isa</key>
			<string>PBXBuildFile</string>
		</dict>
		<key>3F2B9A0359A1A09996B7F1CF</key>
		<dict>
			<key>isa</key>
			<string>PBXFileReference</string>
			<key>lastKnownFileType</key>
			<string>sourcecode.swift</string>
			<key>path</key>
			<string>Core/RunnerEnvironment.swift</string>
			<key>sourceTree</key>
			<string>&lt;group&gt;</string>
		</dict>
		<key>3FB0030B45C2B72282AB8190</key>
		<dict>
			<key>isa</key>
			<string>PBXFileReference</string>
			<key>lastKnownFileType</key>
			<string>folder</string>
			<key>path</key>
			<string>../ui</string>
			<key>sourceTree</key>
			<string>&lt;group&gt;</string>
		</dict>
		<key>40EC7FB38DAF7CD7267D84A6</key>
		<dict>
			<key>fileRef</key>
			<string>DC2A6D50742F2503F3F26102</string>
			<key>isa</key>
			<string>PBXBuildFile</string>
		</dict>
		<key>41D311A605520FC7B8B9A980</key>
		<dict>
			<key>isa</key>
			<string>PBXFileReference</string>
			<key>lastKnownFileType</key>
			<string>text.json</string>
			<key>path</key>
			<string>Vendor/runtime-build.json</string>
			<key>sourceTree</key>
			<string>&lt;group&gt;</string>
		</dict>
		<key>44FF75DFFFD8DEF03C2B62EF</key>
		<dict>
			<key>isa</key>
			<string>PBXFileReference</string>
			<key>lastKnownFileType</key>
			<string>sourcecode.swift</string>
			<key>path</key>
			<string>Core/HostBundle.swift</string>
			<key>sourceTree</key>
			<string>&lt;group&gt;</string>
		</dict>
		<key>488864B3D19480A82F7F1786</key>
		<dict>
			<key>buildSettings</key>
			<dict/>
			<key>isa</key>
			<string>XCBuildConfiguration</string>
			<key>name</key>
			<string>Debug</string>
		</dict>
		<key>4986FBBDB518FB34CDF52093</key>
		<dict>
			<key>isa</key>
			<string>PBXFileReference</string>
			<key>lastKnownFileType</key>
			<string>sourcecode.swift</string>
			<key>path</key>
			<string>Runner/RunnerCommandCodec.swift</string>
			<key>sourceTree</key>
			<string>&lt;group&gt;</string>
		</dict>
		<key>5252D7407082B4A4B5F5EA67</key>
		<dict>
			<key>fileRef</key>
			<string>4986FBBDB518FB34CDF52093</string>
			<key>isa</key>
			<string>PBXBuildFile</string>
		</dict>
		<key>539D312BAE582CB0A6A5990D</key>
		<dict>
			<key>fileRef</key>
			<string>282DF23BCAB6751C7BFFA338</string>
			<key>isa</key>
			<string>PBXBuildFile</string>
		</dict>
		<key>53ABBA992E32229B965C929D</key>
		<dict>
			<key>fileRef</key>
			<string>0C510C550106D1F03537A860</string>
			<key>isa</key>
			<string>PBXBuildFile</string>
		</dict>
		<key>541E0686848424503C257F66</key>
		<dict>
			<key>fileRef</key>
			<string>DC2A6D50742F2503F3F26102</string>
			<key>isa</key>
			<string>PBXBuildFile</string>
		</dict>
		<key>5522B3B3B2EACC1C8F9BEAAC</key>
		<dict>
			<key>fileRef</key>
			<string>8BF729FFE074CAEE622C0292</string>
			<key>isa</key>
			<string>PBXBuildFile</string>
		</dict>
		<key>563222CAD436A0B15D309F4A</key>
		<dict>
			<key>explicitFileType</key>
			<string>wrapper.application</string>
			<key>isa</key>
			<string>PBXFileReference</string>
			<key>path</key>
			<string>ModelDebuggerMac.app</string>
			<key>sourceTree</key>
			<string>BUILT_PRODUCTS_DIR</string>
		</dict>
		<key>56A71F89546A7E589280FDE4</key>
		<dict>
			<key>fileRef</key>
			<string>BEF32D2C315A289576F2A682</string>
			<key>isa</key>
			<string>PBXBuildFile</string>
			<key>settings</key>
			<dict>
				<key>ATTRIBUTES</key>
				<array>
					<string>CodeSignOnCopy</string>
					<string>RemoveHeadersOnCopy</string>
				</array>
			</dict>
		</dict>
		<key>591412BE8B774519FAADA399</key>
		<dict>
			<key>fileRef</key>
			<string>9FE893674481D3E1CFA4232F</string>
			<key>isa</key>
			<string>PBXBuildFile</string>
		</dict>
		<key>5C2473E515024614E403B8B9</key>
		<dict>
			<key>buildActionMask</key>
			<integer>2147483647</integer>
			<key>files</key>
			<array>
				<string>7A493F6FD29712120F89F511</string>
				<string>5522B3B3B2EACC1C8F9BEAAC</string>
				<string>6B7EAEBE7EEC8C6B49E5C573</string>
			</array>
			<key>isa</key>
			<string>PBXResourcesBuildPhase</string>
			<key>runOnlyForDeploymentPostprocessing</key>
			<integer>0</integer>
		</dict>
		<key>5D27778EDD03B0FC7D9AC2CE</key>
		<dict>
			<key>fileRef</key>
			<string>35C3B951A5B804DAFA284C95</string>
			<key>isa</key>
			<string>PBXBuildFile</string>
		</dict>
		<key>660AD74101464E9CBE962D05</key>
		<dict>
			<key>fileRef</key>
			<string>9859BD48197226B8FBF829B5</string>
			<key>isa</key>
			<string>PBXBuildFile</string>
		</dict>
		<key>6B7EAEBE7EEC8C6B49E5C573</key>
		<dict>
			<key>fileRef</key>
			<string>3FB0030B45C2B72282AB8190</string>
			<key>isa</key>
			<string>PBXBuildFile</string>
		</dict>
		<key>7377849A0B9F9A055B35C588</key>
		<dict>
			<key>isa</key>
			<string>PBXFileReference</string>
			<key>lastKnownFileType</key>
			<string>sourcecode.swift</string>
			<key>path</key>
			<string>Runner/RunnerModel+Commands.swift</string>
			<key>sourceTree</key>
			<string>&lt;group&gt;</string>
		</dict>
		<key>743B4B370747355816EC379D</key>
		<dict>
			<key>isa</key>
			<string>PBXFileReference</string>
			<key>lastKnownFileType</key>
			<string>sourcecode.swift</string>
			<key>path</key>
			<string>Runner/RunnerTransport.swift</string>
			<key>sourceTree</key>
			<string>&lt;group&gt;</string>
		</dict>
		<key>76524B0EA1A08036B5987B5A</key>
		<dict>
			<key>buildConfigurations</key>
			<array>
				<string>940F4846AB52F7161D0B841C</string>
				<string>06EFF997AE8750BA7FCDC07C</string>
			</array>
			<key>defaultConfigurationIsVisible</key>
			<integer>0</integer>
			<key>defaultConfigurationName</key>
			<string>Debug</string>
			<key>isa</key>
			<string>XCConfigurationList</string>
		</dict>
		<key>799F05F68579AE98944F1F39</key>
		<dict>
			<key>alwaysOutOfDate</key>
			<integer>1</integer>
			<key>buildActionMask</key>
			<integer>2147483647</integer>
			<key>files</key>
			<array/>
			<key>inputPaths</key>
			<array/>
			<key>isa</key>
			<string>PBXShellScriptBuildPhase</string>
			<key>name</key>
			<string>Embed LiteRT dependencies</string>
			<key>outputPaths</key>
			<array/>
			<key>runOnlyForDeploymentPostprocessing</key>
			<integer>0</integer>
			<key>shellPath</key>
			<string>/bin/bash</string>
			<key>shellScript</key>
			<string>"${SRCROOT}/Tools/embed_dylibs.sh"
</string>
		</dict>
		<key>7A493F6FD29712120F89F511</key>
		<dict>
			<key>fileRef</key>
			<string>41D311A605520FC7B8B9A980</string>
			<key>isa</key>
			<string>PBXBuildFile</string>
		</dict>
		<key>7BCEE9A04133D8A2FED7D4D3</key>
		<dict>
			<key>buildConfigurations</key>
			<array>
				<string>2A04C20BF6D5C20A63A1D4CC</string>
				<string>E28089EB494F94D6F9770EC2</string>
			</array>
			<key>defaultConfigurationIsVisible</key>
			<integer>0</integer>
			<key>defaultConfigurationName</key>
			<string>Debug</string>
			<key>isa</key>
			<string>XCConfigurationList</string>
		</dict>
		<key>7FE09F5D542C3F626ADFB25E</key>
		<dict>
			<key>isa</key>
			<string>PBXFileReference</string>
			<key>lastKnownFileType</key>
			<string>sourcecode.swift</string>
			<key>path</key>
			<string>Runner/RunnerSession.swift</string>
			<key>sourceTree</key>
			<string>&lt;group&gt;</string>
		</dict>
		<key>815F3491689F26CBB94A2CD3</key>
		<dict>
			<key>fileRef</key>
			<string>743B4B370747355816EC379D</string>
			<key>isa</key>
			<string>PBXBuildFile</string>
		</dict>
		<key>819A4F9E207F20E9C46C8F1D</key>
		<dict>
			<key>fileRef</key>
			<string>2C786FED967EB99588D4D276</string>
			<key>isa</key>
			<string>PBXBuildFile</string>
		</dict>
		<key>878A52FC5FF6A57D50B7B870</key>
		<dict>
			<key>buildActionMask</key>
			<integer>2147483647</integer>
			<key>files</key>
			<array>
				<string>E690A617F8A1005A846952D9</string>
				<string>F2D2C461FC991BDFA037DB6C</string>
				<string>D4E133437704185965583076</string>
				<string>C70A15EBC41A001B4070DFB5</string>
				<string>53ABBA992E32229B965C929D</string>
				<string>2F44B4BFE6153498184A9A24</string>
				<string>A64045CE3AFA13D93E370663</string>
				<string>591412BE8B774519FAADA399</string>
				<string>2F94DD762B795C1EBE680308</string>
				<string>541E0686848424503C257F66</string>
				<string>BC816992D77D4FFD92815C87</string>
				<string>5252D7407082B4A4B5F5EA67</string>
				<string>C896D2C9339A0B16A682FD3C</string>
				<string>D0BC1BA18213AFB474B71091</string>
				<string>FE23750CFB4DBC48EA907055</string>
				<string>F3811D1FA5C1FC5C7EE537D4</string>
				<string>A3EF3744370911C747260A47</string>
				<string>3ACD161393AA7B9B98F3B92B</string>
				<string>8C9A9DDAC7D456A8B0E0C440</string>
				<string>B61322C62D9701F35203A05C</string>
				<string>D0C3452FFB378CE9AE5D9940</string>
				<string>A4EAD4BA10172801200285E7</string>
				<string>1BADFB2D2348E45E82D8BCA2</string>
				<string>5D27778EDD03B0FC7D9AC2CE</string>
				<string>056B1759849B1A1B44AAF2A8</string>
			</array>
			<key>isa</key>
			<string>PBXSourcesBuildPhase</string>
			<key>runOnlyForDeploymentPostprocessing</key>
			<integer>0</integer>
		</dict>
		<key>8865903CF3259FE63312C36E</key>
		<dict>
			<key>fileRef</key>
			<string>A85ACC43590D218CEAF714E4</string>
			<key>isa</key>
			<string>PBXBuildFile</string>
		</dict>
		<key>8A1EED22144C3F04485A69EE</key>
		<dict>
			<key>buildActionMask</key>
			<integer>2147483647</integer>
			<key>dstPath</key>
			<string></string>
			<key>dstSubfolderSpec</key>
			<integer>10</integer>
			<key>files</key>
			<array>
				<string>56A71F89546A7E589280FDE4</string>
			</array>
			<key>isa</key>
			<string>PBXCopyFilesBuildPhase</string>
			<key>name</key>
			<string>Embed Frameworks</string>
			<key>runOnlyForDeploymentPostprocessing</key>
			<integer>0</integer>
		</dict>
		<key>8BF729FFE074CAEE622C0292</key>
		<dict>
			<key>isa</key>
			<string>PBXFileReference</string>
			<key>lastKnownFileType</key>
			<string>folder.assetcatalog</string>
			<key>path</key>
			<string>Runner/Assets.xcassets</string>
			<key>sourceTree</key>
			<string>&lt;group&gt;</string>
		</dict>
		<key>8C9A9DDAC7D456A8B0E0C440</key>
		<dict>
			<key>fileRef</key>
			<string>9735ECC8774BC2E4B2314FA5</string>
			<key>isa</key>
			<string>PBXBuildFile</string>
		</dict>
		<key>8F4D6558D8592407F1A47BD9</key>
		<dict>
			<key>buildActionMask</key>
			<integer>2147483647</integer>
			<key>files</key>
			<array>
				<string>E89B877AC8C32552B3D73192</string>
				<string>1F0EFC62C80760E53A5F7CD9</string>
				<string>A6DA491D8439252E101AA94C</string>
				<string>B954CC7EC37395DFF2DD8509</string>
				<string>31C1FCBF12E19CE4C82F9B18</string>
				<string>25C0B3FBF028B88549D0E359</string>
				<string>AB08ACB38DC8562211C98B6C</string>
				<string>D1F51E9F75D0A264C33B2E82</string>
				<string>660AD74101464E9CBE962D05</string>
				<string>40EC7FB38DAF7CD7267D84A6</string>
				<string>8865903CF3259FE63312C36E</string>
				<string>28CD9A2A6A22263D03E6CF02</string>
				<string>9437242F2E6B0039C9CF1285</string>
				<string>819A4F9E207F20E9C46C8F1D</string>
				<string>D8DFAC0448D39A02DC8B804D</string>
				<string>0C86287EA04FE0430E932926</string>
				<string>200E023C3B5D4CAE02C08843</string>
				<string>0E685E50DE2708886400849B</string>
				<string>085C7AB3432EDB5A52A98201</string>
				<string>1C679BC0A89D92D5AB171860</string>
				<string>DFFE102ED5EFFB64B62CAC8A</string>
				<string>815F3491689F26CBB94A2CD3</string>
				<string>FD07C276715E42EC5064E12B</string>
				<string>9FF0D0B4E15B75D6FA321819</string>
				<string>21648024223E9EFF23D3EF59</string>
			</array>
			<key>isa</key>
			<string>PBXSourcesBuildPhase</string>
			<key>runOnlyForDeploymentPostprocessing</key>
			<integer>0</integer>
		</dict>
		<key>940F4846AB52F7161D0B841C</key>
		<dict>
			<key>buildSettings</key>
			<dict>
				<key>ARCHS</key>
				<string>arm64</string>
				<key>ASSETCATALOG_COMPILER_APPICON_NAME</key>
				<string>AppIcon</string>
				<key>CLANG_ENABLE_MODULES</key>
				<string>YES</string>
				<key>CODE_SIGN_IDENTITY</key>
				<string>-</string>
				<key>CODE_SIGN_STYLE</key>
				<string>Manual</string>
				<key>ENABLE_DEBUG_DYLIB</key>
				<string>NO</string>
				<key>ENABLE_USER_SCRIPT_SANDBOXING</key>
				<string>NO</string>
				<key>GENERATE_INFOPLIST_FILE</key>
				<string>NO</string>
				<key>INFOPLIST_FILE</key>
				<string>Runner/MacInfo.plist</string>
				<key>LD_RUNPATH_SEARCH_PATHS</key>
				<array>
					<string>$(inherited)</string>
					<string>@executable_path/../Frameworks</string>
				</array>
				<key>LIBRARY_SEARCH_PATHS</key>
				<array>
					<string>$(SRCROOT)/Vendor/macos_arm64</string>
				</array>
				<key>MACOSX_DEPLOYMENT_TARGET</key>
				<string>27.0</string>
				<key>OTHER_LDFLAGS</key>
				<array>
					<string>-llitert-lm</string>
					<string>-Wl,-needed-lLiteRt</string>
				</array>
				<key>PRODUCT_BUNDLE_IDENTIFIER</key>
				<string>dev.modeldebugger.runner.mac</string>
				<key>PRODUCT_NAME</key>
				<string>$(TARGET_NAME)</string>
				<key>SDKROOT</key>
				<string>macosx</string>
				<key>SUPPORTED_PLATFORMS</key>
				<string>macosx</string>
				<key>SWIFT_ACTIVE_COMPILATION_CONDITIONS</key>
				<string>DEBUG</string>
				<key>SWIFT_INCLUDE_PATHS</key>
				<array>
					<string>$(SRCROOT)/CLiteRTLM</string>
				</array>
				<key>SWIFT_OPTIMIZATION_LEVEL</key>
				<string>-Onone</string>
				<key>SWIFT_STRICT_CONCURRENCY</key>
				<string>targeted</string>
				<key>SWIFT_VERSION</key>
				<string>5.0</string>
			</dict>
			<key>isa</key>
			<string>XCBuildConfiguration</string>
			<key>name</key>
			<string>Debug</string>
		</dict>
		<key>9437242F2E6B0039C9CF1285</key>
		<dict>
			<key>fileRef</key>
			<string>CDA88FC0D3CBCB0A2213271C</string>
			<key>isa</key>
			<string>PBXBuildFile</string>
		</dict>
		<key>95755C7968C43935AB31B203</key>
		<dict>
			<key>fileRef</key>
			<string>3FB0030B45C2B72282AB8190</string>
			<key>isa</key>
			<string>PBXBuildFile</string>
		</dict>
		<key>9735ECC8774BC2E4B2314FA5</key>
		<dict>
			<key>isa</key>
			<string>PBXFileReference</string>
			<key>lastKnownFileType</key>
			<string>sourcecode.swift</string>
			<key>path</key>
			<string>Runner/RunnerPlatform.swift</string>
			<key>sourceTree</key>
			<string>&lt;group&gt;</string>
		</dict>
		<key>974249103BB0AA5313967F94</key>
		<dict>
			<key>isa</key>
			<string>PBXFileReference</string>
			<key>lastKnownFileType</key>
			<string>sourcecode.swift</string>
			<key>path</key>
			<string>Core/NativeCaptureStore.swift</string>
			<key>sourceTree</key>
			<string>&lt;group&gt;</string>
		</dict>
		<key>9859BD48197226B8FBF829B5</key>
		<dict>
			<key>isa</key>
			<string>PBXFileReference</string>
			<key>lastKnownFileType</key>
			<string>sourcecode.swift</string>
			<key>path</key>
			<string>Runner/PythonExecutionAdapter.swift</string>
			<key>sourceTree</key>
			<string>&lt;group&gt;</string>
		</dict>
		<key>99C9A23E6CC9ADBD096EF916</key>
		<dict>
			<key>isa</key>
			<string>PBXFileReference</string>
			<key>lastKnownFileType</key>
			<string>sourcecode.swift</string>
			<key>path</key>
			<string>Runner/RunnerUIState.swift</string>
			<key>sourceTree</key>
			<string>&lt;group&gt;</string>
		</dict>
		<key>9FE893674481D3E1CFA4232F</key>
		<dict>
			<key>isa</key>
			<string>PBXFileReference</string>
			<key>lastKnownFileType</key>
			<string>sourcecode.swift</string>
			<key>path</key>
			<string>Runner/AppleRunnerTransport.swift</string>
			<key>sourceTree</key>
			<string>&lt;group&gt;</string>
		</dict>
		<key>9FF0D0B4E15B75D6FA321819</key>
		<dict>
			<key>fileRef</key>
			<string>35C3B951A5B804DAFA284C95</string>
			<key>isa</key>
			<string>PBXBuildFile</string>
		</dict>
		<key>A3EF3744370911C747260A47</key>
		<dict>
			<key>fileRef</key>
			<string>EDB3A464699EDCFBBA23C8D7</string>
			<key>isa</key>
			<string>PBXBuildFile</string>
		</dict>
		<key>A4EAD4BA10172801200285E7</key>
		<dict>
			<key>fileRef</key>
			<string>743B4B370747355816EC379D</string>
			<key>isa</key>
			<string>PBXBuildFile</string>
		</dict>
		<key>A64045CE3AFA13D93E370663</key>
		<dict>
			<key>fileRef</key>
			<string>376C9B4E434B5B342BBC857C</string>
			<key>isa</key>
			<string>PBXBuildFile</string>
		</dict>
		<key>A6DA491D8439252E101AA94C</key>
		<dict>
			<key>fileRef</key>
			<string>D5C5F423337123B9CBEFC43B</string>
			<key>isa</key>
			<string>PBXBuildFile</string>
		</dict>
		<key>A85ACC43590D218CEAF714E4</key>
		<dict>
			<key>isa</key>
			<string>PBXFileReference</string>
			<key>lastKnownFileType</key>
			<string>sourcecode.swift</string>
			<key>path</key>
			<string>Runner/RunnerApp.swift</string>
			<key>sourceTree</key>
			<string>&lt;group&gt;</string>
		</dict>
		<key>A8792157CB4F27FB949C035F</key>
		<dict>
			<key>explicitFileType</key>
			<string>wrapper.application</string>
			<key>isa</key>
			<string>PBXFileReference</string>
			<key>path</key>
			<string>ModelDebuggerRunner.app</string>
			<key>sourceTree</key>
			<string>BUILT_PRODUCTS_DIR</string>
		</dict>
		<key>A88F98EA23169685D7E825B7</key>
		<dict>
			<key>isa</key>
			<string>PBXFileReference</string>
			<key>lastKnownFileType</key>
			<string>sourcecode.swift</string>
			<key>path</key>
			<string>Runner/RunnerModel+Lifecycle.swift</string>
			<key>sourceTree</key>
			<string>&lt;group&gt;</string>
		</dict>
		<key>AB08ACB38DC8562211C98B6C</key>
		<dict>
			<key>fileRef</key>
			<string>376C9B4E434B5B342BBC857C</string>
			<key>isa</key>
			<string>PBXBuildFile</string>
		</dict>
		<key>AD936FCBED631FA67E05C3EA</key>
		<dict>
			<key>children</key>
			<array>
				<string>2E848681D5B83C5B698E3FB7</string>
				<string>44FF75DFFFD8DEF03C2B62EF</string>
				<string>D5C5F423337123B9CBEFC43B</string>
				<string>974249103BB0AA5313967F94</string>
				<string>0C510C550106D1F03537A860</string>
				<string>3F2B9A0359A1A09996B7F1CF</string>
				<string>376C9B4E434B5B342BBC857C</string>
				<string>9FE893674481D3E1CFA4232F</string>
				<string>9859BD48197226B8FBF829B5</string>
				<string>DC2A6D50742F2503F3F26102</string>
				<string>A85ACC43590D218CEAF714E4</string>
				<string>4986FBBDB518FB34CDF52093</string>
				<string>CDA88FC0D3CBCB0A2213271C</string>
				<string>2C786FED967EB99588D4D276</string>
				<string>7377849A0B9F9A055B35C588</string>
				<string>A88F98EA23169685D7E825B7</string>
				<string>EDB3A464699EDCFBBA23C8D7</string>
				<string>FE514E023EC3EA55953863FF</string>
				<string>9735ECC8774BC2E4B2314FA5</string>
				<string>BE228811D46B371F280D9FA0</string>
				<string>7FE09F5D542C3F626ADFB25E</string>
				<string>743B4B370747355816EC379D</string>
				<string>99C9A23E6CC9ADBD096EF916</string>
				<string>35C3B951A5B804DAFA284C95</string>
				<string>CAF983BE6D9D12316E95330C</string>
				<string>0A3E27B8CA818264D75C8D81</string>
				<string>BEF32D2C315A289576F2A682</string>
				<string>41D311A605520FC7B8B9A980</string>
				<string>8BF729FFE074CAEE622C0292</string>
				<string>3FB0030B45C2B72282AB8190</string>
				<string>282DF23BCAB6751C7BFFA338</string>
			</array>
			<key>isa</key>
			<string>PBXGroup</string>
			<key>sourceTree</key>
			<string>&lt;group&gt;</string>
		</dict>
		<key>B4E10CAA9C5E22150B71559C</key>
		<dict>
			<key>buildConfigurations</key>
			<array>
				<string>488864B3D19480A82F7F1786</string>
				<string>35B1014F135DE9B45529B733</string>
			</array>
			<key>defaultConfigurationIsVisible</key>
			<integer>0</integer>
			<key>defaultConfigurationName</key>
			<string>Debug</string>
			<key>isa</key>
			<string>XCConfigurationList</string>
		</dict>
		<key>B61322C62D9701F35203A05C</key>
		<dict>
			<key>fileRef</key>
			<string>BE228811D46B371F280D9FA0</string>
			<key>isa</key>
			<string>PBXBuildFile</string>
		</dict>
		<key>B954CC7EC37395DFF2DD8509</key>
		<dict>
			<key>fileRef</key>
			<string>974249103BB0AA5313967F94</string>
			<key>isa</key>
			<string>PBXBuildFile</string>
		</dict>
		<key>BC816992D77D4FFD92815C87</key>
		<dict>
			<key>fileRef</key>
			<string>A85ACC43590D218CEAF714E4</string>
			<key>isa</key>
			<string>PBXBuildFile</string>
		</dict>
		<key>BE228811D46B371F280D9FA0</key>
		<dict>
			<key>isa</key>
			<string>PBXFileReference</string>
			<key>lastKnownFileType</key>
			<string>sourcecode.swift</string>
			<key>path</key>
			<string>Runner/RunnerPresentation.swift</string>
			<key>sourceTree</key>
			<string>&lt;group&gt;</string>
		</dict>
		<key>BEF32D2C315A289576F2A682</key>
		<dict>
			<key>isa</key>
			<string>PBXFileReference</string>
			<key>lastKnownFileType</key>
			<string>wrapper.xcframework</string>
			<key>path</key>
			<string>Vendor/CLiteRTLM.xcframework</string>
			<key>sourceTree</key>
			<string>&lt;group&gt;</string>
		</dict>
		<key>C70A15EBC41A001B4070DFB5</key>
		<dict>
			<key>fileRef</key>
			<string>974249103BB0AA5313967F94</string>
			<key>isa</key>
			<string>PBXBuildFile</string>
		</dict>
		<key>C896D2C9339A0B16A682FD3C</key>
		<dict>
			<key>fileRef</key>
			<string>CDA88FC0D3CBCB0A2213271C</string>
			<key>isa</key>
			<string>PBXBuildFile</string>
		</dict>
		<key>CAC7612DFE4C1457CB5E9B24</key>
		<dict>
			<key>buildActionMask</key>
			<integer>2147483647</integer>
			<key>files</key>
			<array>
				<string>539D312BAE582CB0A6A5990D</string>
				<string>344624737EF5B0F6D2902C38</string>
				<string>95755C7968C43935AB31B203</string>
			</array>
			<key>isa</key>
			<string>PBXResourcesBuildPhase</string>
			<key>runOnlyForDeploymentPostprocessing</key>
			<integer>0</integer>
		</dict>
		<key>CAF983BE6D9D12316E95330C</key>
		<dict>
			<key>isa</key>
			<string>PBXFileReference</string>
			<key>lastKnownFileType</key>
			<string>sourcecode.swift</string>
			<key>path</key>
			<string>Runner/RunnerWebView.swift</string>
			<key>sourceTree</key>
			<string>&lt;group&gt;</string>
		</dict>
		<key>CDA88FC0D3CBCB0A2213271C</key>
		<dict>
			<key>isa</key>
			<string>PBXFileReference</string>
			<key>lastKnownFileType</key>
			<string>sourcecode.swift</string>
			<key>path</key>
			<string>Runner/RunnerDescriptor.swift</string>
			<key>sourceTree</key>
			<string>&lt;group&gt;</string>
		</dict>
		<key>D0BC1BA18213AFB474B71091</key>
		<dict>
			<key>fileRef</key>
			<string>2C786FED967EB99588D4D276</string>
			<key>isa</key>
			<string>PBXBuildFile</string>
		</dict>
		<key>D0C3452FFB378CE9AE5D9940</key>
		<dict>
			<key>fileRef</key>
			<string>7FE09F5D542C3F626ADFB25E</string>
			<key>isa</key>
			<string>PBXBuildFile</string>
		</dict>
		<key>D1F51E9F75D0A264C33B2E82</key>
		<dict>
			<key>fileRef</key>
			<string>9FE893674481D3E1CFA4232F</string>
			<key>isa</key>
			<string>PBXBuildFile</string>
		</dict>
		<key>D4E133437704185965583076</key>
		<dict>
			<key>fileRef</key>
			<string>D5C5F423337123B9CBEFC43B</string>
			<key>isa</key>
			<string>PBXBuildFile</string>
		</dict>
		<key>D5C5F423337123B9CBEFC43B</key>
		<dict>
			<key>isa</key>
			<string>PBXFileReference</string>
			<key>lastKnownFileType</key>
			<string>sourcecode.swift</string>
			<key>path</key>
			<string>Core/NativeBackendSupport.swift</string>
			<key>sourceTree</key>
			<string>&lt;group&gt;</string>
		</dict>
		<key>D8DFAC0448D39A02DC8B804D</key>
		<dict>
			<key>fileRef</key>
			<string>7377849A0B9F9A055B35C588</string>
			<key>isa</key>
			<string>PBXBuildFile</string>
		</dict>
		<key>DC2A6D50742F2503F3F26102</key>
		<dict>
			<key>isa</key>
			<string>PBXFileReference</string>
			<key>lastKnownFileType</key>
			<string>sourcecode.swift</string>
			<key>path</key>
			<string>Runner/PythonRunner.swift</string>
			<key>sourceTree</key>
			<string>&lt;group&gt;</string>
		</dict>
		<key>DE0FF9DEB9DCD267B56DA454</key>
		<dict>
			<key>fileRef</key>
			<string>BEF32D2C315A289576F2A682</string>
			<key>isa</key>
			<string>PBXBuildFile</string>
		</dict>
		<key>DFFE102ED5EFFB64B62CAC8A</key>
		<dict>
			<key>fileRef</key>
			<string>7FE09F5D542C3F626ADFB25E</string>
			<key>isa</key>
			<string>PBXBuildFile</string>
		</dict>
		<key>E1DD3332C6F23D40DD7709FE</key>
		<dict>
			<key>alwaysOutOfDate</key>
			<integer>1</integer>
			<key>buildActionMask</key>
			<integer>2147483647</integer>
			<key>files</key>
			<array/>
			<key>inputPaths</key>
			<array/>
			<key>isa</key>
			<string>PBXShellScriptBuildPhase</string>
			<key>name</key>
			<string>Embed LiteRT dependencies</string>
			<key>outputPaths</key>
			<array/>
			<key>runOnlyForDeploymentPostprocessing</key>
			<integer>0</integer>
			<key>shellPath</key>
			<string>/bin/bash</string>
			<key>shellScript</key>
			<string>"${SRCROOT}/Tools/embed_dylibs.sh"
</string>
		</dict>
		<key>E28089EB494F94D6F9770EC2</key>
		<dict>
			<key>buildSettings</key>
			<dict>
				<key>ARCHS</key>
				<string>arm64</string>
				<key>ASSETCATALOG_COMPILER_APPICON_NAME</key>
				<string>AppIcon</string>
				<key>CLANG_ENABLE_MODULES</key>
				<string>YES</string>
				<key>CODE_SIGN_STYLE</key>
				<string>Automatic</string>
				<key>ENABLE_DEBUG_DYLIB</key>
				<string>NO</string>
				<key>ENABLE_USER_SCRIPT_SANDBOXING</key>
				<string>NO</string>
				<key>FRAMEWORK_SEARCH_PATHS</key>
				<array>
					<string>$(inherited)</string>
				</array>
				<key>GENERATE_INFOPLIST_FILE</key>
				<string>NO</string>
				<key>INFOPLIST_FILE</key>
				<string>Runner/Info.plist</string>
				<key>IPHONEOS_DEPLOYMENT_TARGET</key>
				<string>17.0</string>
				<key>LD_RUNPATH_SEARCH_PATHS</key>
				<array>
					<string>$(inherited)</string>
					<string>@executable_path/Frameworks</string>
				</array>
				<key>LIBRARY_SEARCH_PATHS[sdk=iphoneos*]</key>
				<array>
					<string>$(inherited)</string>
					<string>$(SRCROOT)/Vendor/ios_arm64</string>
				</array>
				<key>LIBRARY_SEARCH_PATHS[sdk=iphonesimulator*]</key>
				<array>
					<string>$(inherited)</string>
					<string>$(SRCROOT)/Vendor/ios_sim_arm64</string>
				</array>
				<key>OTHER_LDFLAGS</key>
				<array>
					<string>$(inherited)</string>
					<string>-Wl,-needed-lLiteRt</string>
				</array>
				<key>PRODUCT_BUNDLE_IDENTIFIER</key>
				<string>dev.modeldebugger.runner</string>
				<key>PRODUCT_NAME</key>
				<string>$(TARGET_NAME)</string>
				<key>SDKROOT</key>
				<string>iphoneos</string>
				<key>SUPPORTED_PLATFORMS</key>
				<string>iphoneos iphonesimulator</string>
				<key>SWIFT_ACTIVE_COMPILATION_CONDITIONS</key>
				<string></string>
				<key>SWIFT_OPTIMIZATION_LEVEL</key>
				<string>-O</string>
				<key>SWIFT_STRICT_CONCURRENCY</key>
				<string>targeted</string>
				<key>SWIFT_VERSION</key>
				<string>5.0</string>
				<key>TARGETED_DEVICE_FAMILY</key>
				<string>1,2</string>
			</dict>
			<key>isa</key>
			<string>XCBuildConfiguration</string>
			<key>name</key>
			<string>Release</string>
		</dict>
		<key>E2AA269EB967A8853A258BFA</key>
		<dict>
			<key>buildActionMask</key>
			<integer>2147483647</integer>
			<key>files</key>
			<array>
				<string>DE0FF9DEB9DCD267B56DA454</string>
			</array>
			<key>isa</key>
			<string>PBXFrameworksBuildPhase</string>
			<key>runOnlyForDeploymentPostprocessing</key>
			<integer>0</integer>
		</dict>
		<key>E690A617F8A1005A846952D9</key>
		<dict>
			<key>fileRef</key>
			<string>2E848681D5B83C5B698E3FB7</string>
			<key>isa</key>
			<string>PBXBuildFile</string>
		</dict>
		<key>E89B877AC8C32552B3D73192</key>
		<dict>
			<key>fileRef</key>
			<string>2E848681D5B83C5B698E3FB7</string>
			<key>isa</key>
			<string>PBXBuildFile</string>
		</dict>
		<key>E9D9CCD71B08802CD0D11F93</key>
		<dict>
			<key>buildConfigurationList</key>
			<string>76524B0EA1A08036B5987B5A</string>
			<key>buildPhases</key>
			<array>
				<string>8F4D6558D8592407F1A47BD9</string>
				<string>CAC7612DFE4C1457CB5E9B24</string>
				<string>799F05F68579AE98944F1F39</string>
			</array>
			<key>buildRules</key>
			<array/>
			<key>dependencies</key>
			<array/>
			<key>isa</key>
			<string>PBXNativeTarget</string>
			<key>name</key>
			<string>ModelDebuggerMac</string>
			<key>productName</key>
			<string>ModelDebuggerMac</string>
			<key>productReference</key>
			<string>563222CAD436A0B15D309F4A</string>
			<key>productType</key>
			<string>com.apple.product-type.application</string>
		</dict>
		<key>EDB3A464699EDCFBBA23C8D7</key>
		<dict>
			<key>isa</key>
			<string>PBXFileReference</string>
			<key>lastKnownFileType</key>
			<string>sourcecode.swift</string>
			<key>path</key>
			<string>Runner/RunnerModel+ManualJobs.swift</string>
			<key>sourceTree</key>
			<string>&lt;group&gt;</string>
		</dict>
		<key>F2D2C461FC991BDFA037DB6C</key>
		<dict>
			<key>fileRef</key>
			<string>44FF75DFFFD8DEF03C2B62EF</string>
			<key>isa</key>
			<string>PBXBuildFile</string>
		</dict>
		<key>F3811D1FA5C1FC5C7EE537D4</key>
		<dict>
			<key>fileRef</key>
			<string>A88F98EA23169685D7E825B7</string>
			<key>isa</key>
			<string>PBXBuildFile</string>
		</dict>
		<key>FD07C276715E42EC5064E12B</key>
		<dict>
			<key>fileRef</key>
			<string>99C9A23E6CC9ADBD096EF916</string>
			<key>isa</key>
			<string>PBXBuildFile</string>
		</dict>
		<key>FE23750CFB4DBC48EA907055</key>
		<dict>
			<key>fileRef</key>
			<string>7377849A0B9F9A055B35C588</string>
			<key>isa</key>
			<string>PBXBuildFile</string>
		</dict>
		<key>FE514E023EC3EA55953863FF</key>
		<dict>
			<key>isa</key>
			<string>PBXFileReference</string>
			<key>lastKnownFileType</key>
			<string>sourcecode.swift</string>
			<key>path</key>
			<string>Runner/RunnerModel.swift</string>
			<key>sourceTree</key>
			<string>&lt;group&gt;</string>
		</dict>
	</dict>
	<key>rootObject</key>
	<string>244210E48437B6556980A702</string>
</dict>
</plist>
